
Microsoft Visual Studio Solution File, Format Version 12.00
# Visual Studio Version 17
VisualStudioVersion = 17.1.32210.238
MinimumVisualStudioVersion = 10.0.40219.1
Project("{FAE04EC0-301F-11D3-BF4B-00C04F79EFBC}") = "StorageApp", "StorageApp\StorageApp.csproj", "{2493E22F-119E-4345-840D-FFA31DBCF826}"
EndProject
Global
	GlobalSection(SolutionConfigurationPlatforms) = preSolution
		Debug|Any CPU = Debug|Any CPU
		Release|Any CPU = Release|Any CPU
	EndGlobalSection
	GlobalSection(ProjectConfigurationPlatforms) = postSolution
		{2493E22F-119E-4345-840D-FFA31DBCF826}.Debug|Any CPU.ActiveCfg = Debug|Any CPU
		{2493E22F-119E-4345-840D-FFA31DBCF826}.Debug|Any CPU.Build.0 = Debug|Any CPU
		{2493E22F-119E-4345-840D-FFA31DBCF826}.Release|Any CPU.ActiveCfg = Release|Any CPU
		{2493E22F-119E-4345-840D-FFA31DBCF826}.Release|Any CPU.Build.0 = Release|Any CPU
	EndGlobalSection
	GlobalSection(SolutionProperties) = preSolution
		HideSolutionNode = FALSE
	EndGlobalSection
	GlobalSection(ExtensibilityGlobals) = postSolution
		SolutionGuid = {E4CBFCBC-A0FC-4B5A-AEF1-14704E3719BB}
	EndGlobalSection
EndGlobal
