
Microsoft Visual Studio Solution File, Format Version 12.00
# Visual Studio Version 17
VisualStudioVersion = 17.1.32210.238
MinimumVisualStudioVersion = 10.0.40219.1
Project("{FAE04EC0-301F-11D3-BF4B-00C04F79EFBC}") = "LinqApp", "LinqApp\LinqApp.csproj", "{A05EEC82-BA26-45C2-AFDC-FBA0EDBA0499}"
EndProject
Global
	GlobalSection(SolutionConfigurationPlatforms) = preSolution
		Debug|Any CPU = Debug|Any CPU
		Release|Any CPU = Release|Any CPU
	EndGlobalSection
	GlobalSection(ProjectConfigurationPlatforms) = postSolution
		{A05EEC82-BA26-45C2-AFDC-FBA0EDBA0499}.Debug|Any CPU.ActiveCfg = Debug|Any CPU
		{A05EEC82-BA26-45C2-AFDC-FBA0EDBA0499}.Debug|Any CPU.Build.0 = Debug|Any CPU
		{A05EEC82-BA26-45C2-AFDC-FBA0EDBA0499}.Release|Any CPU.ActiveCfg = Release|Any CPU
		{A05EEC82-BA26-45C2-AFDC-FBA0EDBA0499}.Release|Any CPU.Build.0 = Release|Any CPU
	EndGlobalSection
	GlobalSection(SolutionProperties) = preSolution
		HideSolutionNode = FALSE
	EndGlobalSection
	GlobalSection(ExtensibilityGlobals) = postSolution
		SolutionGuid = {5E18DECD-FB31-4DD2-A187-7E777F0A9A62}
	EndGlobalSection
EndGlobal
